
Microsoft Visual Studio Solution File, Format Version 12.00
# Visual Studio Version 17
VisualStudioVersion = 17.12.35527.113 d17.12
MinimumVisualStudioVersion = 10.0.40219.1
Project("{FAE04EC0-301F-11D3-BF4B-00C04F79EFBC}") = "Ass3-OOP", "Ass3-OOP\Ass3-OOP.csproj", "{4CACAEA5-8381-44ED-81B5-87A5B8CFB481}"
EndProject
Global
	GlobalSection(SolutionConfigurationPlatforms) = preSolution
		Debug|Any CPU = Debug|Any CPU
		Release|Any CPU = Release|Any CPU
	EndGlobalSection
	GlobalSection(ProjectConfigurationPlatforms) = postSolution
		{4CACAEA5-8381-44ED-81B5-87A5B8CFB481}.Debug|Any CPU.ActiveCfg = Debug|Any CPU
		{4CACAEA5-8381-44ED-81B5-87A5B8CFB481}.Debug|Any CPU.Build.0 = Debug|Any CPU
		{4CACAEA5-8381-44ED-81B5-87A5B8CFB481}.Release|Any CPU.ActiveCfg = Release|Any CPU
		{4CACAEA5-8381-44ED-81B5-87A5B8CFB481}.Release|Any CPU.Build.0 = Release|Any CPU
	EndGlobalSection
	GlobalSection(SolutionProperties) = preSolution
		HideSolutionNode = FALSE
	EndGlobalSection
EndGlobal
